name: framework-package
goBuildComponentLocks:
- version: v0.24.0-dev-98-g97213dc0-framework
  gobuildBranch: 415417866867710887-v0.24.0-dev-98-g97213dc0-framework-framework-package
  gobuildHeadCommit: 8bdcbebd750b620154d8ddba991c330fb14e27ff
  hash: a0f095005d122f75a99e5f46937211e7
  componentLockReferences:
  - name: tanzu-framework
    version: v0.24.0-dev-98-g97213dc0
    lockHash: da86298fa256f1e95f1d81bc9c4ff3f7
