name: tkg-clusterclass-azure-package
goBuildComponentLocks:
- version: v0.26.0-dev-11-g5c69b9e7-tkg-clusterclass-azure
  gobuildBranch: 419041843737538728-v0.26.0-dev-11-g5c69b9e7-tkg-clusterclass-azure-tkg-clusterclass-azure-package
  gobuildHeadCommit: 421cbd3bc9bda4bcd4e8aa0b3dd18ea757f3c6c3
  hash: 544ef5c28f10cd388869eea47602c58e
  componentLockReferences:
  - name: tanzu-framework
    version: v0.26.0-dev-11-g5c69b9e7
    lockHash: 126c05ade22f7059d05019887d739378
