name: tkg-clusterclass-azure-package
goBuildComponentLocks:
- version: v0.26.0-dev-65-gaf5a644f-tkg-clusterclass-azure
  gobuildBranch: 422661731630745864-v0.26.0-dev-65-gaf5a644f-tkg-clusterclass-azure-tkg-clusterclass-azure-package
  gobuildHeadCommit: 931c64855758d6196f1e03f31070a403c40b20a1
  hash: 7405a07c6649b2cc54c6e6c88b2b4424
  componentLockReferences:
  - name: tanzu-framework
    version: v0.26.0-dev-65-gaf5a644f
    lockHash: 7e4117d2a2e0326329acf1cb23b24863
