name: tkg-clusterclass-vsphere-package
goBuildComponentLocks:
- version: v0.28.0-dev-56-gb0cfa7c6-tkg-clusterclass-vsphere
  gobuildBranch: 430850645545715731-v0.28.0-dev-56-gb0cfa7c6-tkg-clusterclass-vsphere-tkg-clusterclass-vsphere-package
  gobuildHeadCommit: 5e455910e2b0bc78c1df55f3eaa3a668c2aeee4f
  hash: f322f14c10abc2d377841ad3d300b975
  componentLockReferences:
  - name: tanzu-framework
    version: v0.28.0-dev-56-gb0cfa7c6
    lockHash: 7272d0cf6707a9dad1d487219ef6cab0
