name: tkg-core-packages
goBuildComponentLocks:
- version: v1.21.14+vmware.2-tkg.5-rc.5
  gobuildBranch: 439751441481994036-v1.21.14+vmware.2-tkg.5-rc.5-tkg-core-packages
  gobuildHeadCommit: b8a8cba3b5e1e53f649e3e1530ad0c88fe1ea7bf
  hash: fbc40e6b79944a989d9e1405c5c11699
  componentLockReferences:
  - name: addons-manager-package
    version: v1.6.0+vmware.1-tkg.3-addons-manager-rc.5
    lockHash: 2278c07dd6f2608d745fee57f2653dd1
  - name: ako-operator-package
    version: v1.6.0+vmware.17-tkg.2-ako-operator-rc.5
    lockHash: f6a70ea687315d49272e82116c317f5d
  - name: load-balancer-and-ingress-service-package
    version: v1.7.3+vmware.1-tkg.1-ako-rc.5
    lockHash: 0d36bc23b6035e5626e463d3bb034127
  - name: antrea-package
    version: v1.5.3-tkg.2-antrea-advanced-rc.5
    lockHash: e06d961d90a1af5eaddcb47e12be92a8
  - name: calico-package
    version: v3.22.1+vmware.1-tkg.1-calico
    lockHash: da9643b05e2b63eea0633961ff335158
  - name: vsphere-csi-package
    version: v2.3.0+vmware.2-tkg.1-vsphere-csi-rc.5
    lockHash: 7afd69dae6709e93128b329ec74fd035
  - name: vsphere-pv-csi-package
    version: v2.3.0+vmware.1-tkg.1-vsphere-pv-csi
    lockHash: 38a3451ac88ad1cfd0957a604c6a5f25
  - name: vsphere-cpi-package
    version: v1.21.3+vmware.1-tkg.4-vsphere-cpi-rc.5
    lockHash: 778bf4f327b70433b994bfc24a6bec3a
  - name: metrics-server-package
    version: v0.6.1+vmware.1-tkg.1-metrics-server
    lockHash: 3697c70788df244f27c019592b341de5
  - name: kapp-controller-package
    version: v0.38.5+vmware.2-tkg.1-kapp-controller-rc.5
    lockHash: b34135eb5db796baef87184a9153e0e7
  - name: secretgen-controller-package
    version: v0.9.1+vmware.1-tkg.1-secgen-ctl
    lockHash: d50008a7a3a9409df1c482770d57c4a1
  - name: pinniped-package
    version: v0.4.4+vmware.1-tkg.4-pinniped
    lockHash: 968ef1dcb71a21ea6477351798ee8e10
  - name: guest-cluster-auth-service-package
    version: v1.0.0-tkg.1-gc-auth-service
    lockHash: 5bd642a9f3be99083c95bf0f08f17644
  - name: aws-ebs-csi-driver-package
    version: v1.8.0+vmware.1-tkg.1-aws-ebs-csi
    lockHash: 257cd1f52b442ea2baead6fea718466c
  - name: azuredisk-csi-driver-package
    version: v1.19.0+vmware.1-tkg.1-azuredisk-csi
    lockHash: 609c4003050e2c0ab988c9e3bc18e3ff
