name: tkr-bom
bomLocks:
- version: v1.19.11+vmware.1-tkg.1-zshippable
  hash: 62decd33150bdae8a58101e341ccee0a
  componentLockReferences:
  - name: ako-operator
    version: v1.4.0+vmware.1
    lockHash: 5c77de662b3d9a0bb32d542a8994b455
  - name: load-balancer-and-ingress-service
    version: v1.4.3+vmware.1
    lockHash: 6408b64e9a3e0e8d38c0b7c62a3042f1
  - name: antrea
    version: v0.13.3+vmware.1
    lockHash: 2ea69b1e94208b26313e36fb6f8f60d9
  - name: calico_all
    version: v3.11.3+vmware.1
    lockHash: c75e07323bb1fb99017dd4816417d643
  - name: cloud_provider_vsphere
    version: v1.18.1+vmware.1
    lockHash: 3fa707ea1ac4841144bfb371169c93b1
  - name: csi_attacher
    version: v3.0.0+vmware.1
    lockHash: 413b6bbf7b8a3a840d1a35162237e897
  - name: csi_livenessprobe
    version: v2.1.0+vmware.1
    lockHash: e6962fca76bd08706b3b92270b51ae72
  - name: csi_node_driver_registrar
    version: v2.0.1+vmware.1
    lockHash: 1df5554fe9bfb7021b1983ffdcd7b9a8
  - name: kubernetes-csi_external-resizer
    version: v1.0.0+vmware.1
    lockHash: e65a8f723e685a3bf04185c8ccb1d74a
  - name: csi_provisioner
    version: v2.0.0+vmware.1
    lockHash: 615ae257b5fb3dfd4cfe74165c798fdf
  - name: vsphere_csi_driver
    version: v2.1.0+vmware.1
    lockHash: 3adcccce3bdd077cb2b56fd1ff13ba31
  - name: dex
    version: v2.27.0+vmware.1
    lockHash: 7fadc9716955155af933f02b1769b863
  - name: kapp-controller
    version: v0.20.0-rc.1+vmware.1
    lockHash: ce471e3c1f6a544690536af923906d67
  - name: metrics-server
    version: v0.4.0+vmware.1
    lockHash: c9e6bf139e525f01c441c24d40b3c63b
  - name: pinniped
    version: v0.4.3+vmware.1
    lockHash: aa18dc79688b9afbf0511ba463298712
  - name: tanzu_core_addons
    version: v1.4.0-pre-alpha-1-422-g5ea082b8
    lockHash: 32fce4eb295bad01924063eef6dac0d1
  - name: cni_plugins
    version: v0.8.7+vmware.10
    lockHash: 594bdd945776ac1c392fa5b515cf714c
  - name: coredns
    version: v1.7.0+vmware.11
    lockHash: 363569c8b9baf411de41e84a828c6585
  - name: cri_tools
    version: v1.18.0+vmware.8
    lockHash: abebad13bababe8a59e97f77315159b3
  - name: etcd
    version: v3.4.13+vmware.11
    lockHash: 73253e9a1033d3b71b8640d60a9cbc63
  - name: containerd
    version: v1.4.4+vmware.3
    lockHash: c23ccb47871648551a6b65475853a2a9
  - name: kubernetes
    version: v1.19.11+vmware.1
    lockHash: 0ae7eb83d9f935f84313a44d28c65bc6
  - name: kubernetes-sigs_kind
    version: v1.19.11+vmware.1
    lockHash: 295cbdceb145e8c815714f80685324c8
  - name: ova-photon-3
    version: v1.19.11+vmware.1-tkg.1-14682520398472858314
    lockHash: 2cb5bf982b9f15b3232126059eff1bc2
  - name: ova-ubuntu-2004
    version: v1.19.11+vmware.1-tkg.1-1765813992006956821
    lockHash: d2af9ba8daffd829dff0d8d7c57b8065
  - name: ami-general-amazon-2
    version: v1.19.11+vmware.1-tkg.1-12494878762012371983
    lockHash: 66693112910d8b936408a52496367ef3
  - name: ami-general-ubuntu-2004
    version: v1.19.11+vmware.1-tkg.1-1546554836549959939
    lockHash: 003bfc6cd6130e1ffa095fb8886c162b
  - name: ami-gov-amazon-2
    version: v1.19.11+vmware.1-tkg.1-3768116871307494359
    lockHash: 8fe76b26f6d8c8c89fbd64ca2b3128bd
  - name: ami-gov-ubuntu-2004
    version: v1.19.11+vmware.1-tkg.1-9936025980658513428
    lockHash: e9cf74332e8d7395ff776bbf6bdfeb01
  - name: azure-ubuntu-1804
    version: v1.19.11+vmware.1-tkg.1-5635610590242014464
    lockHash: 38bb8038d7435353f90987e7cc631b00
  - name: azure-ubuntu-2004
    version: v1.19.11+vmware.1-tkg.1-11916716006826458070
    lockHash: 9aef9d5bae981bfd0142d81c17aed709
