name: tkr-bom
bomLocks:
- version: v1.20.8+vmware.1-tkg.2-zshippablerelease
  hash: 0b2e42ccf83df4db3cd3c103edd39b8b
  componentLockReferences:
  - name: ako-operator
    version: v1.4.0+vmware.1
    lockHash: 5c77de662b3d9a0bb32d542a8994b455
  - name: load-balancer-and-ingress-service
    version: v1.4.3+vmware.1
    lockHash: 6408b64e9a3e0e8d38c0b7c62a3042f1
  - name: antrea
    version: v0.11.3+vmware.2
    lockHash: d24d36f55303354ba4cccc3d337a70c4
  - name: tkg-core-packages
    version: v1.20.8+vmware.1-tkg.2-zshippablerelease
    lockHash: a0a8b6fc6f6fd3c2f6e3e63a3f04152a
  - name: calico_all
    version: v3.11.3+vmware.1
    lockHash: c75e07323bb1fb99017dd4816417d643
  - name: cloud_provider_vsphere
    version: v1.20.0+vmware.1
    lockHash: 0558ebd7ae09f38aef16aa966d8bb6a6
  - name: csi_attacher
    version: v3.0.0+vmware.1
    lockHash: 413b6bbf7b8a3a840d1a35162237e897
  - name: csi_livenessprobe
    version: v2.1.0+vmware.1
    lockHash: e6962fca76bd08706b3b92270b51ae72
  - name: csi_node_driver_registrar
    version: v2.0.1+vmware.1
    lockHash: 1df5554fe9bfb7021b1983ffdcd7b9a8
  - name: kubernetes-csi_external-resizer
    version: v1.0.0+vmware.1
    lockHash: e65a8f723e685a3bf04185c8ccb1d74a
  - name: csi_provisioner
    version: v2.0.0+vmware.1
    lockHash: 615ae257b5fb3dfd4cfe74165c798fdf
  - name: vsphere_csi_driver
    version: v2.1.0+vmware.1
    lockHash: 3adcccce3bdd077cb2b56fd1ff13ba31
  - name: dex
    version: v2.27.0+vmware.1
    lockHash: 7fadc9716955155af933f02b1769b863
  - name: kapp-controller
    version: v0.20.0+vmware.1
    lockHash: 088d562fba0812f2c1b9af894d4e43be
  - name: metrics-server
    version: v0.4.0+vmware.1
    lockHash: c9e6bf139e525f01c441c24d40b3c63b
  - name: pinniped
    version: v0.4.4+vmware.1
    lockHash: 128412f16d491187b1b108fab3dfac67
  - name: tanzu-framework-addons
    version: v1.4.0-pre-alpha-2-60-g5fe14638
    lockHash: a59305dcd80e21243311cc37855f6da6
  - name: cni_plugins
    version: v0.8.7+vmware.13
    lockHash: 62818635299d1ee846d5ae5601eefdf5
  - name: coredns
    version: v1.7.0+vmware.12
    lockHash: 14542da1ec2f7e9914db7a865113f230
  - name: cri_tools
    version: v1.19.0+vmware.6
    lockHash: 74667d3fca56b73062791be046d8c8f8
  - name: etcd
    version: v3.4.13+vmware.14
    lockHash: 91d8a0c5786d7f04dc323753d331e256
  - name: containerd
    version: v1.4.6+vmware.1
    lockHash: dc7ee2e1b40d2ef51b499f763753234f
  - name: kubernetes
    version: v1.20.8+vmware.1
    lockHash: 56d64b6f4d64b45642c363c5cfac3040
  - name: kubernetes-sigs_kind
    version: v1.20.8+vmware.1
    lockHash: d946f50830884be75d907cd660e783e1
  - name: ami-general-amazon-2
    version: v1.20.8+vmware.1-tkg.1-13786301442039329784
    lockHash: 5ee89af37419e2d311948b28aef918c9
  - name: ami-general-ubuntu-2004
    version: v1.20.8+vmware.1-tkg.1-12025742382463874313
    lockHash: f2d2e904b8ec9dad4ee3f0d45e639a65
  - name: ami-gov-amazon-2
    version: v1.20.8+vmware.1-tkg.1-1458517998684175847
    lockHash: 1c8bc9b90811b583434647f90c390624
  - name: ami-gov-ubuntu-2004
    version: v1.20.8+vmware.1-tkg.2-5669978235957863352
    lockHash: 5ad07e689a571373061f7913bb0e787d
  - name: azure-ubuntu-1804
    version: v1.20.8+vmware.1-tkg.1-11478538345968298994
    lockHash: 9da1e29548dc40951b1f35d93ab2cb0a
  - name: azure-ubuntu-2004
    version: v1.20.8+vmware.1-tkg.1-870978521581929975
    lockHash: 3003cbac224516e7c4d4110aae9e16f3
  - name: ova-photon-3
    version: v1.20.8+vmware.1-tkg.1-9893064678268559534
    lockHash: 13261e6a9a6b87092216e8fef8583967
  - name: ova-ubuntu-2004
    version: v1.20.8+vmware.1-tkg.1-17589475007677388652
    lockHash: ac465dec6576d17c0ad96769bf6fecc5
