name: tkr-source-controller-package
goBuildComponentLocks:
- version: v0.23.0-dev-11-g333c76c5-tkr-source-controller
  gobuildBranch: 410612006383527329-v0.23.0-dev-11-g333c76c5-tkr-source-controller-tkr-source-controller-package
  gobuildHeadCommit: 4b23ee62c532590669f48f940ed7e08a2b523289
  hash: 390b9bfdc273ab33e17cace0d1a652af
  componentLockReferences:
  - name: tanzu-framework
    version: v0.23.0-dev-11-g333c76c5
    lockHash: a7cc6de171984972eb27cde8a87244b6
