name: windows-resource-bundle
goBuildComponentLocks:
- version: v1.21.5+vmware.1-tkg.1-20211013-a683575c
  gobuildBranch: 376979229029440368-v1.21.5+vmware.1-tkg.1-20211013-a683575c
  gobuildHeadCommit: 050335b4d83d47440a70aace080650e23b77e0de
  hash: dc4ee244d91c2ad936223ad70f298366
  componentLockReferences:
  - name: antrea
    version: v0.13.3+vmware.1
    lockHash: 2ea69b1e94208b26313e36fb6f8f60d9
  - name: containerd
    version: v1.4.6+vmware.1
    lockHash: dc7ee2e1b40d2ef51b499f763753234f
  - name: kubernetes
    version: v1.21.5+vmware.1
    lockHash: ac316ae6823c84d6055b995d13480c65
