name: tkg-clusterclass-aws-package
goBuildComponentLocks:
- version: v0.18.0-dev-11-gfc958cc5-tkg-clusterclass-aws
  gobuildBranch: 395577390333482930-v0.18.0-dev-11-gfc958cc5-tkg-clusterclass-aws
  gobuildHeadCommit: 48f901e4de63fab25fc7ddae0df36ad2a883c783
  hash: 47e03941b9f86df47b57a7d8e546975b
  componentLockReferences:
  - name: tanzu-framework
    version: v0.18.0-dev-11-gfc958cc5
    lockHash: 945f1cf4f5c06cba4b23154ed5303172
