name: tkg-clusterclass-aws-package
goBuildComponentLocks:
- version: v0.22.0-dev-19-g07558a40-tkg-clusterclass-aws
  gobuildBranch: 406565324385685816-v0.22.0-dev-19-g07558a40-tkg-clusterclass-aws-tkg-clusterclass-aws-package
  gobuildHeadCommit: d3eb882a04e33440c962a93382973c6787a7a60a
  hash: 30343fffc8017309f78bc69576eae619
  componentLockReferences:
  - name: tanzu-framework
    version: v0.22.0-dev-19-g07558a40
    lockHash: f9af3bf40b8a63e90136e4458839eb42
