apiVersion: vendir.k14s.io/v1alpha1
directories:
- contents:
  - git:
      commitTitle: Adds Contour 1.22.3 (#5603)...
      sha: 95ef4138317d8777ca29730a156cb229333811a9
      tags:
      - v0.13.0-dev.2-521-g95ef4138
    path: .
  path: ytt/vendir/vsphere_cpi/_ytt_lib
- contents:
  - git:
      commitTitle: Fix antrea 1.7.1 kapp label (#5568)...
      sha: 639dfcff20d0edfd3a008e8a64018d5725c09ad8
      tags:
      - v0.13.0-dev.2-493-g639dfcff
    path: .
  path: ytt/vendir/cni/_ytt_lib
- contents:
  - git:
      commitTitle: Bump KC to 0.44.1 (#5621)...
      sha: f5258c8585494f9ef7e14a73d75306274cd6171b
      tags:
      - v0.13.0-dev.2-539-gf5258c85
    path: .
  path: ytt/vendir/kapp-controller/_ytt_lib
kind: LockConfig
