name: ami-general-ubuntu-2004
imageLocks:
- version: v1.20.14+vmware.1-tkg.2-b37223e9e609bb181ca47e6065449269
  hash: 38b832c290a78f28ee3c54cf8471b01c
  componentLockReferences:
  - name: cni_plugins
    version: v0.8.7+vmware.18
    lockHash: 2950fd7fe08d455cae81868036c33fe0
  - name: coredns
    version: v1.7.0+vmware.15
    lockHash: 5a1c960ecf2f104f7dbfe63ef5097e68
  - name: cri_tools
    version: v1.19.0+vmware.8
    lockHash: a4df486583eb9fb201fccf039d70704d
  - name: etcd
    version: v3.4.13+vmware.23
    lockHash: 03e942261be4350015f3c3d62d16e1bf
  - name: containerd
    version: v1.5.9+vmware.1
    lockHash: 412c7ded9b2b24425be062f9c10d2922
  - name: kubernetes
    version: v1.20.14+vmware.1
    lockHash: 26f6f55ba60ccd7f1c24c31123719b2f
