name: kscom_release
goBuildComponentLocks:
- version: v1.21.14+vmware.2-fips.2-tkg.1
  gobuildBranch: 435962973857517869-v1.21.14+vmware.2-fips.2-tkg.1-kscom_release
  gobuildHeadCommit: 32f230002680407d33e4152447379362c614a022
  hash: 772819b79817171fa6eb8146c4ea8267
  componentLockReferences:
  - name: kubernetes
    version: v1.21.14+vmware.2-fips.1
    lockHash: 053c07aab5235d5659d70fa51d1334d1
  - name: containerd
    version: v1.5.13+vmware.1-fips.2
    lockHash: d3de7ac5f0c2c89389816b1e6f4f03f8
