name: addons-manager-package
goBuildComponentLocks:
- version: v1.5.0+vmware.1-tkg.1-addons-manager-rc.8
  gobuildBranch: 392357564416821484-v1.5.0+vmware.1-tkg.1-addons-manager-rc.8
  gobuildHeadCommit: c9a72bff972cb642b7270c29df8fe87b061adf7c
  hash: 9bf72a3e8efd5ccad5d93e7d57462ee3
  componentLockReferences:
  - name: tanzu-framework-addons
    version: v0.11.1-88-g376fba65
    lockHash: bbe80b4ee93c7f2d1681cf0882c43381
