name: capabilities-package
goBuildComponentLocks:
- version: v0.23.0-dev-11-g333c76c5-capabilities
  gobuildBranch: 411262846316324175-v0.23.0-dev-11-g333c76c5-capabilities-capabilities-package
  gobuildHeadCommit: 26be28b140a4b2d137f84244225937ae451cee51
  hash: f305ff49a3e8aed7ed298d84975096a9
  componentLockReferences:
  - name: tanzu-capabilities-controller
    version: v0.23.0-dev-11-g333c76c5
    lockHash: 03848182b7d764eab08a49e6ee4172ac
