name: capabilities-package
goBuildComponentLocks:
- version: v0.25.0-dev-69-g73f58999-capabilities
  gobuildBranch: 417423310662432018-v0.25.0-dev-69-g73f58999-capabilities-capabilities-package
  gobuildHeadCommit: 6deb2c5dd258fa32075c1b2172c65735ca4dd503
  hash: 8bac863ba1d9d61bad20383be6039f93
  componentLockReferences:
  - name: tanzu-capabilities-controller
    version: v0.25.0-dev-69-g73f58999
    lockHash: dbffa23db309eec02bc84f00d2690ce8
