name: tkr-service-package
goBuildComponentLocks:
- version: v0.25.0-22-g72a11ee7-tkr-service
  gobuildBranch: 421483329171232958-v0.25.0-22-g72a11ee7-tkr-service-tkr-service-package
  gobuildHeadCommit: d54fa412773aef692a211f6c3c8ba70e413d8f69
  hash: 303fb60cbca74a7b9fb3ae12ff2e0586
  componentLockReferences:
  - name: tanzu-framework
    version: v0.25.0-22-g72a11ee7
    lockHash: b01be12027b8b53ba11bdcf4d4992896
