name: tkr-service-package
goBuildComponentLocks:
- version: v0.25.0-tkr-service
  gobuildBranch: 418621578654257502-v0.25.0-tkr-service-tkr-service-package
  gobuildHeadCommit: 3c2976ade6778417bc23650fec9d2efc4d489a69
  hash: a4ca9544c6b5aa43d14788adde76e9d8
  componentLockReferences:
  - name: tanzu-framework
    version: v0.25.0
    lockHash: 02f131bcb3d6ae96d6b82846027c6a7b
