name: tanzu-framework-management-packages
goBuildComponentLocks:
- version: v0.17.0-dev-3-g93a289b8
  gobuildBranch: 392817367861716431-v0.17.0-dev-3-g93a289b8-tf-mgmt-packages
  gobuildHeadCommit: 64d3121bafe3600bf489c46c36dacbc085fb137b
  hash: 02f2878c612bba98fff48025c2b29ecb
  componentLockReferences:
  - name: featuregates-package
    version: v0.17.0-dev-3-g93a289b8-featuregates
    lockHash: 959495755332251c381180e259f703f6
  - name: core-management-plugins-package
    version: v0.17.0-dev-3-g93a289b8-core-mgmt-plugins
    lockHash: e3d848f99b6e6ef5a5b8436802170d3b
