name: tkg-package
goBuildComponentLocks:
- version: v0.24.0-dev-71-g1e06afd8-tkg
  gobuildBranch: 414093435050423693-v0.24.0-dev-71-g1e06afd8-tkg-tkg-package
  gobuildHeadCommit: f14ca9522e67f12ca8720c6af568f361b3388de4
  hash: 04400388afd7856ecfbe851fecf02aeb
  componentLockReferences:
  - name: tanzu-framework
    version: v0.24.0-dev-71-g1e06afd8
    lockHash: 00782d03026fb2e3a2220c4f848a80ae
