name: tkg-package
goBuildComponentLocks:
- version: v0.26.0-dev-35-gf297f623-tkg
  gobuildBranch: 420400071863998306-v0.26.0-dev-35-gf297f623-tkg-tkg-package
  gobuildHeadCommit: 11838a8e397d6f00943417c63beba29cb4ee808a
  hash: 19d20eb00fe2b6adbb6a456e607120a4
  componentLockReferences:
  - name: tanzu-framework
    version: v0.26.0-dev-35-gf297f623
    lockHash: 63ed3bc0da3cb453a1a67c16750da9b1
