name: image-builder-resource-bundle
goBuildComponentLocks:
- version: v1.23.15+vmware.1-tkg.1-rc.3
  gobuildBranch: 443090719112958276-v1.23.15+vmware.1-tkg.1-rc.3-image-builder-resource-bundle
  gobuildHeadCommit: 98d769af44220d5b4f49f3a81712528a9cc16415
  hash: 14c4ce2099166399f921e570afc02540
  componentLockReferences:
  - name: antrea
    version: v1.7.2+vmware.1-advanced
    lockHash: b1e728aafa3a0ad8b6282a2c91df94de
  - name: containerd
    version: v1.6.6+vmware.2
    lockHash: 506989fbb24cba85136830704fca11aa
  - name: kubernetes
    version: v1.23.15+vmware.1
    lockHash: 15250a1fbf20cb5658a0f257200a39fe
  - name: coredns
    version: v1.8.6+vmware.11
    lockHash: 584b9464b1c2f5d16efaa3aecfeca775
  - name: etcd
    version: v3.5.6+vmware.2
    lockHash: 7b3c937220aca9b9055153061c6e9f31
  - name: cni_plugins
    version: v1.1.1+vmware.7
    lockHash: e49db13d42060ce135b437c7b0cbbf73
