name: byoh-k8s-ubuntu-2004
goBuildComponentLocks:
- version: v1.23.10+vmware.1-tkg.1-rc.2
  gobuildBranch: 433826575738246285-v1.23.10+vmware.1-tkg.1-rc.2-byoh-k8s-ubuntu-2004
  gobuildHeadCommit: 1f745f1266565b4c41293ccfbf6287723f8f55e4
  hash: 020960d7111cff0443d2cae065bcd9d9
  componentLockReferences:
  - name: kubernetes
    version: v1.23.10+vmware.1
    lockHash: acf51f703976d2f230a2d88f444e7b34
  - name: containerd
    version: v1.6.6+vmware.2
    lockHash: 506989fbb24cba85136830704fca11aa
  - name: cri_tools
    version: v1.22.0+vmware.9
    lockHash: b357b0c15296944bfea35a71e651040e
  - name: cni_plugins
    version: v1.1.1+vmware.7
    lockHash: e49db13d42060ce135b437c7b0cbbf73
