name: ova-photon-3
imageLocks:
- version: v1.20.5+vmware.1-tkg.0-4960659249080914985
  hash: "14236054590044923136"
  componentLockReferences:
  - name: coredns
    version: v1.7.0+vmware.8
    lockHash: "5984217886241777614"
  - name: kubernetes
    version: v1.20.5+vmware.1
    lockHash: "8353514302917822500"
  - name: etcd
    version: v3.4.13+vmware.7
    lockHash: "6026680512878857244"
  - name: cri_tools
    version: v1.19.0+vmware.3
    lockHash: "1223963669259182629"
  - name: cni_plugins
    version: v0.8.7+vmware.6
    lockHash: "13788232020136563110"
  - name: containerd
    version: v1.4.3+vmware.1
    lockHash: "11082509675069778053"
