apiVersion: vendir.k14s.io/v1alpha1
directories:
- contents:
  - git:
      commitTitle: 'patch priorityClassName: system-node-critical in CPI  daemonset
        (#2524)'
      sha: 9e70164c014c23bc47848a576cde10621bab4677
      tags:
      - v0.10.0-dev.1-213-g9e70164c
    path: .
  path: ytt/vendir/vsphere_cpi/_ytt_lib
- contents:
  - git:
      commitTitle: 'fix: change cert-manager.io/v1alpha2 to cert-manager.io/v1 (#2411)...'
      sha: 4886ea2defd2567eb0a8b2453bb10bf265d2842a
      tags:
      - v0.10.0-dev.1-158-g4886ea2d
    path: .
  path: ytt/vendir/cni/_ytt_lib
- contents:
  - git:
      commitTitle: Bump kapp controller to version 0.28.0 (#2326)...
      sha: 0054c7f86937a0cfb9bd6dbc7501128fc06d4194
      tags:
      - v0.10.0-dev.1-148-g0054c7f8
    path: .
  path: ytt/vendir/kapp-controller/_ytt_lib
kind: LockConfig
