apiVersion: vendir.k14s.io/v1alpha1
directories:
- contents:
  - git:
      commitTitle: Add new flags insecure and remoteAuthEnabled (#3152)...
      sha: 0fa3055c5cddf67f8c23edea420575cb4eb7d5d8
      tags:
      - v0.10.0-120-g0fa3055c
    path: .
  path: ytt/vendir/vsphere_cpi/_ytt_lib
- contents:
  - git:
      commitTitle: 'packages: kapp-controller 0.38.3 (#4853)...'
      sha: 5e43d627bdd25ebca3f5c30ce72331f1543a0eba
      tags:
      - v0.13.0-dev.2-69-g5e43d627
    path: .
  path: ytt/vendir/kapp-controller/_ytt_lib
kind: LockConfig
