name: tkr-vsphere-machine-webhook-package
goBuildComponentLocks:
- version: v0.25.0-22-g72a11ee7-tkr-vsphere-mc-webhook
  gobuildBranch: 421483329171232958-v0.25.0-22-g72a11ee7-tkr-vsphere-mc-webhook-tkr-vsphere-machine-webhook-package
  gobuildHeadCommit: 88a7dd6a7ba78ba72fba53ebfbc099168d60fb55
  hash: a35ddadca58b4767e288439be2a30aed
  componentLockReferences:
  - name: tanzu-framework
    version: v0.25.0-22-g72a11ee7
    lockHash: b01be12027b8b53ba11bdcf4d4992896
