name: tkr-vsphere-machine-webhook-package
goBuildComponentLocks:
- version: v0.20.0-dev-21-gb491197a-tkr-vsphere-mc-webhook
  gobuildBranch: 400477957732175870-v0.20.0-dev-21-gb491197a-tkr-vsphere-mc-webhook
  gobuildHeadCommit: 8bd20ca5cb63349b6b9a27d1cdf7bb1d20d3ef2d
  hash: d440b526887de1d5e264d696bb3e688f
  componentLockReferences:
  - name: tanzu-framework
    version: v0.20.0-dev-21-gb491197a
    lockHash: 0b14f84df9be9874e0777ab0f48c0ea0
